// !$*UTF8*$!
{
	archiveVersion = 1;
	classes = {
	};
	objectVersion = 55;
	objects = {

/* Begin PBXBuildFile section */
		22BE48C227984F4500A708AD /* ThirdViewController.swift in Sources */ = {isa = PBXBuildFile; fileRef = 22BE48C127984F4500A708AD /* ThirdViewController.swift */; };
		22BE48C427984F5B00A708AD /* FourthViewController.swift in Sources */ = {isa = PBXBuildFile; fileRef = 22BE48C327984F5B00A708AD /* FourthViewController.swift */; };
		2A9EE19527905FE600CED46A /* CustomCellClass.swift in Sources */ = {isa = PBXBuildFile; fileRef = 2A9EE19427905FE600CED46A /* CustomCellClass.swift */; };
		2AAF19AB278C783A0073E6E4 /* AppDelegate.swift in Sources */ = {isa = PBXBuildFile; fileRef = 2AAF19AA278C783A0073E6E4 /* AppDelegate.swift */; };
		2AAF19AD278C783A0073E6E4 /* SceneDelegate.swift in Sources */ = {isa = PBXBuildFile; fileRef = 2AAF19AC278C783A0073E6E4 /* SceneDelegate.swift */; };
		2AAF19AF278C783A0073E6E4 /* ViewController.swift in Sources */ = {isa = PBXBuildFile; fileRef = 2AAF19AE278C783A0073E6E4 /* ViewController.swift */; };
		2AAF19B2278C783A0073E6E4 /* Main.storyboard in Resources */ = {isa = PBXBuildFile; fileRef = 2AAF19B0278C783A0073E6E4 /* Main.storyboard */; };
		2AAF19B5278C783A0073E6E4 /* LunchPickerProject.xcdatamodeld in Sources */ = {isa = PBXBuildFile; fileRef = 2AAF19B3278C783A0073E6E4 /* LunchPickerProject.xcdatamodeld */; };
		2AAF19B7278C783E0073E6E4 /* Assets.xcassets in Resources */ = {isa = PBXBuildFile; fileRef = 2AAF19B6278C783E0073E6E4 /* Assets.xcassets */; };
		2AAF19BA278C783E0073E6E4 /* LaunchScreen.storyboard in Resources */ = {isa = PBXBuildFile; fileRef = 2AAF19B8278C783E0073E6E4 /* LaunchScreen.storyboard */; };
		2AAF19C5278C783F0073E6E4 /* LunchPickerProjectTests.swift in Sources */ = {isa = PBXBuildFile; fileRef = 2AAF19C4278C783F0073E6E4 /* LunchPickerProjectTests.swift */; };
		2AAF19CF278C783F0073E6E4 /* LunchPickerProjectUITests.swift in Sources */ = {isa = PBXBuildFile; fileRef = 2AAF19CE278C783F0073E6E4 /* LunchPickerProjectUITests.swift */; };
		2AAF19D1278C783F0073E6E4 /* LunchPickerProjectUITestsLaunchTests.swift in Sources */ = {isa = PBXBuildFile; fileRef = 2AAF19D0278C783F0073E6E4 /* LunchPickerProjectUITestsLaunchTests.swift */; };
		2AAF19DE278C7AFC0073E6E4 /* RestaurauntClass.swift in Sources */ = {isa = PBXBuildFile; fileRef = 2AAF19DD278C7AFC0073E6E4 /* RestaurauntClass.swift */; };
		2AAF19E0278C7C840073E6E4 /* PickRestauraunts.swift in Sources */ = {isa = PBXBuildFile; fileRef = 2AAF19DF278C7C840073E6E4 /* PickRestauraunts.swift */; };
/* End PBXBuildFile section */

/* Begin PBXContainerItemProxy section */
		2AAF19C1278C783F0073E6E4 /* PBXContainerItemProxy */ = {
			isa = PBXContainerItemProxy;
			containerPortal = 2AAF199F278C783A0073E6E4 /* Project object */;
			proxyType = 1;
			remoteGlobalIDString = 2AAF19A6278C783A0073E6E4;
			remoteInfo = LunchPickerProject;
		};
		2AAF19CB278C783F0073E6E4 /* PBXContainerItemProxy */ = {
			isa = PBXContainerItemProxy;
			containerPortal = 2AAF199F278C783A0073E6E4 /* Project object */;
			proxyType = 1;
			remoteGlobalIDString = 2AAF19A6278C783A0073E6E4;
			remoteInfo = LunchPickerProject;
		};
/* End PBXContainerItemProxy section */

/* Begin PBXFileReference section */
		22BE48C127984F4500A708AD /* ThirdViewController.swift */ = {isa = PBXFileReference; lastKnownFileType = sourcecode.swift; path = ThirdViewController.swift; sourceTree = "<group>"; };
		22BE48C327984F5B00A708AD /* FourthViewController.swift */ = {isa = PBXFileReference; lastKnownFileType = sourcecode.swift; path = FourthViewController.swift; sourceTree = "<group>"; };
		2A9EE19427905FE600CED46A /* CustomCellClass.swift */ = {isa = PBXFileReference; lastKnownFileType = sourcecode.swift; path = CustomCellClass.swift; sourceTree = "<group>"; };
		2AAF19A7278C783A0073E6E4 /* LunchPickerProject.app */ = {isa = PBXFileReference; explicitFileType = wrapper.application; includeInIndex = 0; path = LunchPickerProject.app; sourceTree = BUILT_PRODUCTS_DIR; };
		2AAF19AA278C783A0073E6E4 /* AppDelegate.swift */ = {isa = PBXFileReference; lastKnownFileType = sourcecode.swift; path = AppDelegate.swift; sourceTree = "<group>"; };
		2AAF19AC278C783A0073E6E4 /* SceneDelegate.swift */ = {isa = PBXFileReference; lastKnownFileType = sourcecode.swift; path = SceneDelegate.swift; sourceTree = "<group>"; };
		2AAF19AE278C783A0073E6E4 /* ViewController.swift */ = {isa = PBXFileReference; lastKnownFileType = sourcecode.swift; path = ViewController.swift; sourceTree = "<group>"; };
		2AAF19B1278C783A0073E6E4 /* Base */ = {isa = PBXFileReference; lastKnownFileType = file.storyboard; name = Base; path = Base.lproj/Main.storyboard; sourceTree = "<group>"; };
		2AAF19B4278C783A0073E6E4 /* LunchPickerProject.xcdatamodel */ = {isa = PBXFileReference; lastKnownFileType = wrapper.xcdatamodel; path = LunchPickerProject.xcdatamodel; sourceTree = "<group>"; };
		2AAF19B6278C783E0073E6E4 /* Assets.xcassets */ = {isa = PBXFileReference; lastKnownFileType = folder.assetcatalog; path = Assets.xcassets; sourceTree = "<group>"; };
		2AAF19B9278C783E0073E6E4 /* Base */ = {isa = PBXFileReference; lastKnownFileType = file.storyboard; name = Base; path = Base.lproj/LaunchScreen.storyboard; sourceTree = "<group>"; };
		2AAF19BB278C783E0073E6E4 /* Info.plist */ = {isa = PBXFileReference; lastKnownFileType = text.plist.xml; path = Info.plist; sourceTree = "<group>"; };
		2AAF19C0278C783F0073E6E4 /* LunchPickerProjectTests.xctest */ = {isa = PBXFileReference; explicitFileType = wrapper.cfbundle; includeInIndex = 0; path = LunchPickerProjectTests.xctest; sourceTree = BUILT_PRODUCTS_DIR; };
		2AAF19C4278C783F0073E6E4 /* LunchPickerProjectTests.swift */ = {isa = PBXFileReference; lastKnownFileType = sourcecode.swift; path = LunchPickerProjectTests.swift; sourceTree = "<group>"; };
		2AAF19CA278C783F0073E6E4 /* LunchPickerProjectUITests.xctest */ = {isa = PBXFileReference; explicitFileType = wrapper.cfbundle; includeInIndex = 0; path = LunchPickerProjectUITests.xctest; sourceTree = BUILT_PRODUCTS_DIR; };
		2AAF19CE278C783F0073E6E4 /* LunchPickerProjectUITests.swift */ = {isa = PBXFileReference; lastKnownFileType = sourcecode.swift; path = LunchPickerProjectUITests.swift; sourceTree = "<group>"; };
		2AAF19D0278C783F0073E6E4 /* LunchPickerProjectUITestsLaunchTests.swift */ = {isa = PBXFileReference; lastKnownFileType = sourcecode.swift; path = LunchPickerProjectUITestsLaunchTests.swift; sourceTree = "<group>"; };
		2AAF19DD278C7AFC0073E6E4 /* RestaurauntClass.swift */ = {isa = PBXFileReference; lastKnownFileType = sourcecode.swift; path = RestaurauntClass.swift; sourceTree = "<group>"; };
		2AAF19DF278C7C840073E6E4 /* PickRestauraunts.swift */ = {isa = PBXFileReference; lastKnownFileType = sourcecode.swift; path = PickRestauraunts.swift; sourceTree = "<group>"; };
/* End PBXFileReference section */

/* Begin PBXFrameworksBuildPhase section */
		2AAF19A4278C783A0073E6E4 /* Frameworks */ = {
			isa = PBXFrameworksBuildPhase;
			buildActionMask = 2147483647;
			files = (
			);
			runOnlyForDeploymentPostprocessing = 0;
		};
		2AAF19BD278C783F0073E6E4 /* Frameworks */ = {
			isa = PBXFrameworksBuildPhase;
			buildActionMask = 2147483647;
			files = (
			);
			runOnlyForDeploymentPostprocessing = 0;
		};
		2AAF19C7278C783F0073E6E4 /* Frameworks */ = {
			isa = PBXFrameworksBuildPhase;
			buildActionMask = 2147483647;
			files = (
			);
			runOnlyForDeploymentPostprocessing = 0;
		};
/* End PBXFrameworksBuildPhase section */

/* Begin PBXGroup section */
		2AAF199E278C783A0073E6E4 = {
			isa = PBXGroup;
			children = (
				2AAF19A9278C783A0073E6E4 /* LunchPickerProject */,
				2AAF19C3278C783F0073E6E4 /* LunchPickerProjectTests */,
				2AAF19CD278C783F0073E6E4 /* LunchPickerProjectUITests */,
				2AAF19A8278C783A0073E6E4 /* Products */,
			);
			sourceTree = "<group>";
		};
		2AAF19A8278C783A0073E6E4 /* Products */ = {
			isa = PBXGroup;
			children = (
				2AAF19A7278C783A0073E6E4 /* LunchPickerProject.app */,
				2AAF19C0278C783F0073E6E4 /* LunchPickerProjectTests.xctest */,
				2AAF19CA278C783F0073E6E4 /* LunchPickerProjectUITests.xctest */,
			);
			name = Products;
			sourceTree = "<group>";
		};
		2AAF19A9278C783A0073E6E4 /* LunchPickerProject */ = {
			isa = PBXGroup;
			children = (
				2AAF19AA278C783A0073E6E4 /* AppDelegate.swift */,
				2AAF19AC278C783A0073E6E4 /* SceneDelegate.swift */,
				2A9EE19427905FE600CED46A /* CustomCellClass.swift */,
				2AAF19DD278C7AFC0073E6E4 /* RestaurauntClass.swift */,
				22BE48C327984F5B00A708AD /* FourthViewController.swift */,
				22BE48C127984F4500A708AD /* ThirdViewController.swift */,
				2AAF19DF278C7C840073E6E4 /* PickRestauraunts.swift */,
				2AAF19AE278C783A0073E6E4 /* ViewController.swift */,
				2AAF19B0278C783A0073E6E4 /* Main.storyboard */,
				2AAF19B6278C783E0073E6E4 /* Assets.xcassets */,
				2AAF19B8278C783E0073E6E4 /* LaunchScreen.storyboard */,
				2AAF19BB278C783E0073E6E4 /* Info.plist */,
				2AAF19B3278C783A0073E6E4 /* LunchPickerProject.xcdatamodeld */,
			);
			path = LunchPickerProject;
			sourceTree = "<group>";
		};
		2AAF19C3278C783F0073E6E4 /* LunchPickerProjectTests */ = {
			isa = PBXGroup;
			children = (
				2AAF19C4278C783F0073E6E4 /* LunchPickerProjectTests.swift */,
			);
			path = LunchPickerProjectTests;
			sourceTree = "<group>";
		};
		2AAF19CD278C783F0073E6E4 /* LunchPickerProjectUITests */ = {
			isa = PBXGroup;
			children = (
				2AAF19CE278C783F0073E6E4 /* LunchPickerProjectUITests.swift */,
				2AAF19D0278C783F0073E6E4 /* LunchPickerProjectUITestsLaunchTests.swift */,
			);
			path = LunchPickerProjectUITests;
			sourceTree = "<group>";
		};
/* End PBXGroup section */

/* Begin PBXNativeTarget section */
		2AAF19A6278C783A0073E6E4 /* LunchPickerProject */ = {
			isa = PBXNativeTarget;
			buildConfigurationList = 2AAF19D4278C783F0073E6E4 /* Build configuration list for PBXNativeTarget "LunchPickerProject" */;
			buildPhases = (
				2AAF19A3278C783A0073E6E4 /* Sources */,
				2AAF19A4278C783A0073E6E4 /* Frameworks */,
				2AAF19A5278C783A0073E6E4 /* Resources */,
			);
			buildRules = (
			);
			dependencies = (
			);
			name = LunchPickerProject;
			productName = LunchPickerProject;
			productReference = 2AAF19A7278C783A0073E6E4 /* LunchPickerProject.app */;
			productType = "com.apple.product-type.application";
		};
		2AAF19BF278C783F0073E6E4 /* LunchPickerProjectTests */ = {
			isa = PBXNativeTarget;
			buildConfigurationList = 2AAF19D7278C783F0073E6E4 /* Build configuration list for PBXNativeTarget "LunchPickerProjectTests" */;
			buildPhases = (
				2AAF19BC278C783F0073E6E4 /* Sources */,
				2AAF19BD278C783F0073E6E4 /* Frameworks */,
				2AAF19BE278C783F0073E6E4 /* Resources */,
			);
			buildRules = (
			);
			dependencies = (
				2AAF19C2278C783F0073E6E4 /* PBXTargetDependency */,
			);
			name = LunchPickerProjectTests;
			productName = LunchPickerProjectTests;
			productReference = 2AAF19C0278C783F0073E6E4 /* LunchPickerProjectTests.xctest */;
			productType = "com.apple.product-type.bundle.unit-test";
		};
		2AAF19C9278C783F0073E6E4 /* LunchPickerProjectUITests */ = {
			isa = PBXNativeTarget;
			buildConfigurationList = 2AAF19DA278C783F0073E6E4 /* Build configuration list for PBXNativeTarget "LunchPickerProjectUITests" */;
			buildPhases = (
				2AAF19C6278C783F0073E6E4 /* Sources */,
				2AAF19C7278C783F0073E6E4 /* Frameworks */,
				2AAF19C8278C783F0073E6E4 /* Resources */,
			);
			buildRules = (
			);
			dependencies = (
				2AAF19CC278C783F0073E6E4 /* PBXTargetDependency */,
			);
			name = LunchPickerProjectUITests;
			productName = LunchPickerProjectUITests;
			productReference = 2AAF19CA278C783F0073E6E4 /* LunchPickerProjectUITests.xctest */;
			productType = "com.apple.product-type.bundle.ui-testing";
		};
/* End PBXNativeTarget section */

/* Begin PBXProject section */
		2AAF199F278C783A0073E6E4 /* Project object */ = {
			isa = PBXProject;
			attributes = {
				BuildIndependentTargetsInParallel = 1;
				LastSwiftUpdateCheck = 1300;
				LastUpgradeCheck = 1300;
				TargetAttributes = {
					2AAF19A6278C783A0073E6E4 = {
						CreatedOnToolsVersion = 13.0;
					};
					2AAF19BF278C783F0073E6E4 = {
						CreatedOnToolsVersion = 13.0;
						TestTargetID = 2AAF19A6278C783A0073E6E4;
					};
					2AAF19C9278C783F0073E6E4 = {
						CreatedOnToolsVersion = 13.0;
						TestTargetID = 2AAF19A6278C783A0073E6E4;
					};
				};
			};
			buildConfigurationList = 2AAF19A2278C783A0073E6E4 /* Build configuration list for PBXProject "LunchPickerProject" */;
			compatibilityVersion = "Xcode 13.0";
			developmentRegion = en;
			hasScannedForEncodings = 0;
			knownRegions = (
				en,
				Base,
			);
			mainGroup = 2AAF199E278C783A0073E6E4;
			productRefGroup = 2AAF19A8278C783A0073E6E4 /* Products */;
			projectDirPath = "";
			projectRoot = "";
			targets = (
				2AAF19A6278C783A0073E6E4 /* LunchPickerProject */,
				2AAF19BF278C783F0073E6E4 /* LunchPickerProjectTests */,
				2AAF19C9278C783F0073E6E4 /* LunchPickerProjectUITests */,
			);
		};
/* End PBXProject section */

/* Begin PBXResourcesBuildPhase section */
		2AAF19A5278C783A0073E6E4 /* Resources */ = {
			isa = PBXResourcesBuildPhase;
			buildActionMask = 2147483647;
			files = (
				2AAF19BA278C783E0073E6E4 /* LaunchScreen.storyboard in Resources */,
				2AAF19B7278C783E0073E6E4 /* Assets.xcassets in Resources */,
				2AAF19B2278C783A0073E6E4 /* Main.storyboard in Resources */,
			);
			runOnlyForDeploymentPostprocessing = 0;
		};
		2AAF19BE278C783F0073E6E4 /* Resources */ = {
			isa = PBXResourcesBuildPhase;
			buildActionMask = 2147483647;
			files = (
			);
			runOnlyForDeploymentPostprocessing = 0;
		};
		2AAF19C8278C783F0073E6E4 /* Resources */ = {
			isa = PBXResourcesBuildPhase;
			buildActionMask = 2147483647;
			files = (
			);
			runOnlyForDeploymentPostprocessing = 0;
		};
/* End PBXResourcesBuildPhase section */

/* Begin PBXSourcesBuildPhase section */
		2AAF19A3278C783A0073E6E4 /* Sources */ = {
			isa = PBXSourcesBuildPhase;
			buildActionMask = 2147483647;
			files = (
				2AAF19AF278C783A0073E6E4 /* ViewController.swift in Sources */,
				2AAF19E0278C7C840073E6E4 /* PickRestauraunts.swift in Sources */,
				2AAF19AB278C783A0073E6E4 /* AppDelegate.swift in Sources */,
				22BE48C427984F5B00A708AD /* FourthViewController.swift in Sources */,
				2AAF19DE278C7AFC0073E6E4 /* RestaurauntClass.swift in Sources */,
				2A9EE19527905FE600CED46A /* CustomCellClass.swift in Sources */,
				2AAF19B5278C783A0073E6E4 /* LunchPickerProject.xcdatamodeld in Sources */,
				22BE48C227984F4500A708AD /* ThirdViewController.swift in Sources */,
				2AAF19AD278C783A0073E6E4 /* SceneDelegate.swift in Sources */,
			);
			runOnlyForDeploymentPostprocessing = 0;
		};
		2AAF19BC278C783F0073E6E4 /* Sources */ = {
			isa = PBXSourcesBuildPhase;
			buildActionMask = 2147483647;
			files = (
				2AAF19C5278C783F0073E6E4 /* LunchPickerProjectTests.swift in Sources */,
			);
			runOnlyForDeploymentPostprocessing = 0;
		};
		2AAF19C6278C783F0073E6E4 /* Sources */ = {
			isa = PBXSourcesBuildPhase;
			buildActionMask = 2147483647;
			files = (
				2AAF19CF278C783F0073E6E4 /* LunchPickerProjectUITests.swift in Sources */,
				2AAF19D1278C783F0073E6E4 /* LunchPickerProjectUITestsLaunchTests.swift in Sources */,
			);
			runOnlyForDeploymentPostprocessing = 0;
		};
/* End PBXSourcesBuildPhase section */

/* Begin PBXTargetDependency section */
		2AAF19C2278C783F0073E6E4 /* PBXTargetDependency */ = {
			isa = PBXTargetDependency;
			target = 2AAF19A6278C783A0073E6E4 /* LunchPickerProject */;
			targetProxy = 2AAF19C1278C783F0073E6E4 /* PBXContainerItemProxy */;
		};
		2AAF19CC278C783F0073E6E4 /* PBXTargetDependency */ = {
			isa = PBXTargetDependency;
			target = 2AAF19A6278C783A0073E6E4 /* LunchPickerProject */;
			targetProxy = 2AAF19CB278C783F0073E6E4 /* PBXContainerItemProxy */;
		};
/* End PBXTargetDependency section */

/* Begin PBXVariantGroup section */
		2AAF19B0278C783A0073E6E4 /* Main.storyboard */ = {
			isa = PBXVariantGroup;
			children = (
				2AAF19B1278C783A0073E6E4 /* Base */,
			);
			name = Main.storyboard;
			sourceTree = "<group>";
		};
		2AAF19B8278C783E0073E6E4 /* LaunchScreen.storyboard */ = {
			isa = PBXVariantGroup;
			children = (
				2AAF19B9278C783E0073E6E4 /* Base */,
			);
			name = LaunchScreen.storyboard;
			sourceTree = "<group>";
		};
/* End PBXVariantGroup section */

/* Begin XCBuildConfiguration section */
		2AAF19D2278C783F0073E6E4 /* Debug */ = {
			isa = XCBuildConfiguration;
			buildSettings = {
				ALWAYS_SEARCH_USER_PATHS = NO;
				CLANG_ANALYZER_NONNULL = YES;
				CLANG_ANALYZER_NUMBER_OBJECT_CONVERSION = YES_AGGRESSIVE;
				CLANG_CXX_LANGUAGE_STANDARD = "gnu++17";
				CLANG_CXX_LIBRARY = "libc++";
				CLANG_ENABLE_MODULES = YES;
				CLANG_ENABLE_OBJC_ARC = YES;
				CLANG_ENABLE_OBJC_WEAK = YES;
				CLANG_WARN_BLOCK_CAPTURE_AUTORELEASING = YES;
				CLANG_WARN_BOOL_CONVERSION = YES;
				CLANG_WARN_COMMA = YES;
				CLANG_WARN_CONSTANT_CONVERSION = YES;
				CLANG_WARN_DEPRECATED_OBJC_IMPLEMENTATIONS = YES;
				CLANG_WARN_DIRECT_OBJC_ISA_USAGE = YES_ERROR;
				CLANG_WARN_DOCUMENTATION_COMMENTS = YES;
				CLANG_WARN_EMPTY_BODY = YES;
				CLANG_WARN_ENUM_CONVERSION = YES;
				CLANG_WARN_INFINITE_RECURSION = YES;
				CLANG_WARN_INT_CONVERSION = YES;
				CLANG_WARN_NON_LITERAL_NULL_CONVERSION = YES;
				CLANG_WARN_OBJC_IMPLICIT_RETAIN_SELF = YES;
				CLANG_WARN_OBJC_LITERAL_CONVERSION = YES;
				CLANG_WARN_OBJC_ROOT_CLASS = YES_ERROR;
				CLANG_WARN_QUOTED_INCLUDE_IN_FRAMEWORK_HEADER = YES;
				CLANG_WARN_RANGE_LOOP_ANALYSIS = YES;
				CLANG_WARN_STRICT_PROTOTYPES = YES;
				CLANG_WARN_SUSPICIOUS_MOVE = YES;
				CLANG_WARN_UNGUARDED_AVAILABILITY = YES_AGGRESSIVE;
				CLANG_WARN_UNREACHABLE_CODE = YES;
				CLANG_WARN__DUPLICATE_METHOD_MATCH = YES;
				COPY_PHASE_STRIP = NO;
				DEBUG_INFORMATION_FORMAT = dwarf;
				ENABLE_STRICT_OBJC_MSGSEND = YES;
				ENABLE_TESTABILITY = YES;
				GCC_C_LANGUAGE_STANDARD = gnu11;
				GCC_DYNAMIC_NO_PIC = NO;
				GCC_NO_COMMON_BLOCKS = YES;
				GCC_OPTIMIZATION_LEVEL = 0;
				GCC_PREPROCESSOR_DEFINITIONS = (
					"DEBUG=1",
					"$(inherited)",
				);
				GCC_WARN_64_TO_32_BIT_CONVERSION = YES;
				GCC_WARN_ABOUT_RETURN_TYPE = YES_ERROR;
				GCC_WARN_UNDECLARED_SELECTOR = YES;
				GCC_WARN_UNINITIALIZED_AUTOS = YES_AGGRESSIVE;
				GCC_WARN_UNUSED_FUNCTION = YES;
				GCC_WARN_UNUSED_VARIABLE = YES;
				IPHONEOS_DEPLOYMENT_TARGET = 15.0;
				MTL_ENABLE_DEBUG_INFO = INCLUDE_SOURCE;
				MTL_FAST_MATH = YES;
				ONLY_ACTIVE_ARCH = YES;
				SDKROOT = iphoneos;
				SWIFT_ACTIVE_COMPILATION_CONDITIONS = DEBUG;
				SWIFT_OPTIMIZATION_LEVEL = "-Onone";
			};
			name = Debug;
		};
		2AAF19D3278C783F0073E6E4 /* Release */ = {
			isa = XCBuildConfiguration;
			buildSettings = {
				ALWAYS_SEARCH_USER_PATHS = NO;
				CLANG_ANALYZER_NONNULL = YES;
				CLANG_ANALYZER_NUMBER_OBJECT_CONVERSION = YES_AGGRESSIVE;
				CLANG_CXX_LANGUAGE_STANDARD = "gnu++17";
				CLANG_CXX_LIBRARY = "libc++";
				CLANG_ENABLE_MODULES = YES;
				CLANG_ENABLE_OBJC_ARC = YES;
				CLANG_ENABLE_OBJC_WEAK = YES;
				CLANG_WARN_BLOCK_CAPTURE_AUTORELEASING = YES;
				CLANG_WARN_BOOL_CONVERSION = YES;
				CLANG_WARN_COMMA = YES;
				CLANG_WARN_CONSTANT_CONVERSION = YES;
				CLANG_WARN_DEPRECATED_OBJC_IMPLEMENTATIONS = YES;
				CLANG_WARN_DIRECT_OBJC_ISA_USAGE = YES_ERROR;
				CLANG_WARN_DOCUMENTATION_COMMENTS = YES;
				CLANG_WARN_EMPTY_BODY = YES;
				CLANG_WARN_ENUM_CONVERSION = YES;
				CLANG_WARN_INFINITE_RECURSION = YES;
				CLANG_WARN_INT_CONVERSION = YES;
				CLANG_WARN_NON_LITERAL_NULL_CONVERSION = YES;
				CLANG_WARN_OBJC_IMPLICIT_RETAIN_SELF = YES;
				CLANG_WARN_OBJC_LITERAL_CONVERSION = YES;
				CLANG_WARN_OBJC_ROOT_CLASS = YES_ERROR;
				CLANG_WARN_QUOTED_INCLUDE_IN_FRAMEWORK_HEADER = YES;
				CLANG_WARN_RANGE_LOOP_ANALYSIS = YES;
				CLANG_WARN_STRICT_PROTOTYPES = YES;
				CLANG_WARN_SUSPICIOUS_MOVE = YES;
				CLANG_WARN_UNGUARDED_AVAILABILITY = YES_AGGRESSIVE;
				CLANG_WARN_UNREACHABLE_CODE = YES;
				CLANG_WARN__DUPLICATE_METHOD_MATCH = YES;
				COPY_PHASE_STRIP = NO;
				DEBUG_INFORMATION_FORMAT = "dwarf-with-dsym";
				ENABLE_NS_ASSERTIONS = NO;
				ENABLE_STRICT_OBJC_MSGSEND = YES;
				GCC_C_LANGUAGE_STANDARD = gnu11;
				GCC_NO_COMMON_BLOCKS = YES;
				GCC_WARN_64_TO_32_BIT_CONVERSION = YES;
				GCC_WARN_ABOUT_RETURN_TYPE = YES_ERROR;
				GCC_WARN_UNDECLARED_SELECTOR = YES;
				GCC_WARN_UNINITIALIZED_AUTOS = YES_AGGRESSIVE;
				GCC_WARN_UNUSED_FUNCTION = YES;
				GCC_WARN_UNUSED_VARIABLE = YES;
				IPHONEOS_DEPLOYMENT_TARGET = 15.0;
				MTL_ENABLE_DEBUG_INFO = NO;
				MTL_FAST_MATH = YES;
				SDKROOT = iphoneos;
				SWIFT_COMPILATION_MODE = wholemodule;
				SWIFT_OPTIMIZATION_LEVEL = "-O";
				VALIDATE_PRODUCT = YES;
			};
			name = Release;
		};
		2AAF19D5278C783F0073E6E4 /* Debug */ = {
			isa = XCBuildConfiguration;
			buildSettings = {
				ASSETCATALOG_COMPILER_APPICON_NAME = AppIcon;
				ASSETCATALOG_COMPILER_GLOBAL_ACCENT_COLOR_NAME = AccentColor;
				CODE_SIGN_STYLE = Automatic;
				CURRENT_PROJECT_VERSION = 1;
				DEVELOPMENT_TEAM = JQ7BN4VH8D;
				GENERATE_INFOPLIST_FILE = YES;
				INFOPLIST_FILE = LunchPickerProject/Info.plist;
				INFOPLIST_KEY_UIApplicationSupportsIndirectInputEvents = YES;
				INFOPLIST_KEY_UILaunchStoryboardName = LaunchScreen;
				INFOPLIST_KEY_UIMainStoryboardFile = Main;
				INFOPLIST_KEY_UISupportedInterfaceOrientations_iPad = "UIInterfaceOrientationPortrait UIInterfaceOrientationPortraitUpsideDown UIInterfaceOrientationLandscapeLeft UIInterfaceOrientationLandscapeRight";
				INFOPLIST_KEY_UISupportedInterfaceOrientations_iPhone = "UIInterfaceOrientationPortrait UIInterfaceOrientationLandscapeLeft UIInterfaceOrientationLandscapeRight";
				LD_RUNPATH_SEARCH_PATHS = (
					"$(inherited)",
					"@executable_path/Frameworks",
				);
				MARKETING_VERSION = 1.0;
				PRODUCT_BUNDLE_IDENTIFIER = CLC.LunchPickerProject;
				PRODUCT_NAME = "$(TARGET_NAME)";
				SWIFT_EMIT_LOC_STRINGS = YES;
				SWIFT_VERSION = 5.0;
				TARGETED_DEVICE_FAMILY = "1,2";
			};
			name = Debug;
		};
		2AAF19D6278C783F0073E6E4 /* Release */ = {
			isa = XCBuildConfiguration;
			buildSettings = {
				ASSETCATALOG_COMPILER_APPICON_NAME = AppIcon;
				ASSETCATALOG_COMPILER_GLOBAL_ACCENT_COLOR_NAME = AccentColor;
				CODE_SIGN_STYLE = Automatic;
				CURRENT_PROJECT_VERSION = 1;
				DEVELOPMENT_TEAM = JQ7BN4VH8D;
				GENERATE_INFOPLIST_FILE = YES;
				INFOPLIST_FILE = LunchPickerProject/Info.plist;
				INFOPLIST_KEY_UIApplicationSupportsIndirectInputEvents = YES;
				INFOPLIST_KEY_UILaunchStoryboardName = LaunchScreen;
				INFOPLIST_KEY_UIMainStoryboardFile = Main;
				INFOPLIST_KEY_UISupportedInterfaceOrientations_iPad = "UIInterfaceOrientationPortrait UIInterfaceOrientationPortraitUpsideDown UIInterfaceOrientationLandscapeLeft UIInterfaceOrientationLandscapeRight";
				INFOPLIST_KEY_UISupportedInterfaceOrientations_iPhone = "UIInterfaceOrientationPortrait UIInterfaceOrientationLandscapeLeft UIInterfaceOrientationLandscapeRight";
				LD_RUNPATH_SEARCH_PATHS = (
					"$(inherited)",
					"@executable_path/Frameworks",
				);
				MARKETING_VERSION = 1.0;
				PRODUCT_BUNDLE_IDENTIFIER = CLC.LunchPickerProject;
				PRODUCT_NAME = "$(TARGET_NAME)";
				SWIFT_EMIT_LOC_STRINGS = YES;
				SWIFT_VERSION = 5.0;
				TARGETED_DEVICE_FAMILY = "1,2";
			};
			name = Release;
		};
		2AAF19D8278C783F0073E6E4 /* Debug */ = {
			isa = XCBuildConfiguration;
			buildSettings = {
				ALWAYS_EMBED_SWIFT_STANDARD_LIBRARIES = YES;
				BUNDLE_LOADER = "$(TEST_HOST)";
				CODE_SIGN_STYLE = Automatic;
				CURRENT_PROJECT_VERSION = 1;
				DEVELOPMENT_TEAM = JQ7BN4VH8D;
				GENERATE_INFOPLIST_FILE = YES;
				IPHONEOS_DEPLOYMENT_TARGET = 15.0;
				LD_RUNPATH_SEARCH_PATHS = (
					"$(inherited)",
					"@executable_path/Frameworks",
					"@loader_path/Frameworks",
				);
				MARKETING_VERSION = 1.0;
				PRODUCT_BUNDLE_IDENTIFIER = CLC.LunchPickerProjectTests;
				PRODUCT_NAME = "$(TARGET_NAME)";
				SWIFT_EMIT_LOC_STRINGS = NO;
				SWIFT_VERSION = 5.0;
				TARGETED_DEVICE_FAMILY = "1,2";
				TEST_HOST = "$(BUILT_PRODUCTS_DIR)/LunchPickerProject.app/LunchPickerProject";
			};
			name = Debug;
		};
		2AAF19D9278C783F0073E6E4 /* Release */ = {
			isa = XCBuildConfiguration;
			buildSettings = {
				ALWAYS_EMBED_SWIFT_STANDARD_LIBRARIES = YES;
				BUNDLE_LOADER = "$(TEST_HOST)";
				CODE_SIGN_STYLE = Automatic;
				CURRENT_PROJECT_VERSION = 1;
				DEVELOPMENT_TEAM = JQ7BN4VH8D;
				GENERATE_INFOPLIST_FILE = YES;
				IPHONEOS_DEPLOYMENT_TARGET = 15.0;
				LD_RUNPATH_SEARCH_PATHS = (
					"$(inherited)",
					"@executable_path/Frameworks",
					"@loader_path/Frameworks",
				);
				MARKETING_VERSION = 1.0;
				PRODUCT_BUNDLE_IDENTIFIER = CLC.LunchPickerProjectTests;
				PRODUCT_NAME = "$(TARGET_NAME)";
				SWIFT_EMIT_LOC_STRINGS = NO;
				SWIFT_VERSION = 5.0;
				TARGETED_DEVICE_FAMILY = "1,2";
				TEST_HOST = "$(BUILT_PRODUCTS_DIR)/LunchPickerProject.app/LunchPickerProject";
			};
			name = Release;
		};
		2AAF19DB278C783F0073E6E4 /* Debug */ = {
			isa = XCBuildConfiguration;
			buildSettings = {
				ALWAYS_EMBED_SWIFT_STANDARD_LIBRARIES = YES;
				CODE_SIGN_STYLE = Automatic;
				CURRENT_PROJECT_VERSION = 1;
				DEVELOPMENT_TEAM = JQ7BN4VH8D;
				GENERATE_INFOPLIST_FILE = YES;
				LD_RUNPATH_SEARCH_PATHS = (
					"$(inherited)",
					"@executable_path/Frameworks",
					"@loader_path/Frameworks",
				);
				MARKETING_VERSION = 1.0;
				PRODUCT_BUNDLE_IDENTIFIER = CLC.LunchPickerProjectUITests;
				PRODUCT_NAME = "$(TARGET_NAME)";
				SWIFT_EMIT_LOC_STRINGS = NO;
				SWIFT_VERSION = 5.0;
				TARGETED_DEVICE_FAMILY = "1,2";
				TEST_TARGET_NAME = LunchPickerProject;
			};
			name = Debug;
		};
		2AAF19DC278C783F0073E6E4 /* Release */ = {
			isa = XCBuildConfiguration;
			buildSettings = {
				ALWAYS_EMBED_SWIFT_STANDARD_LIBRARIES = YES;
				CODE_SIGN_STYLE = Automatic;
				CURRENT_PROJECT_VERSION = 1;
				DEVELOPMENT_TEAM = JQ7BN4VH8D;
				GENERATE_INFOPLIST_FILE = YES;
				LD_RUNPATH_SEARCH_PATHS = (
					"$(inherited)",
					"@executable_path/Frameworks",
					"@loader_path/Frameworks",
				);
				MARKETING_VERSION = 1.0;
				PRODUCT_BUNDLE_IDENTIFIER = CLC.LunchPickerProjectUITests;
				PRODUCT_NAME = "$(TARGET_NAME)";
				SWIFT_EMIT_LOC_STRINGS = NO;
				SWIFT_VERSION = 5.0;
				TARGETED_DEVICE_FAMILY = "1,2";
				TEST_TARGET_NAME = LunchPickerProject;
			};
			name = Release;
		};
/* End XCBuildConfiguration section */

/* Begin XCConfigurationList section */
		2AAF19A2278C783A0073E6E4 /* Build configuration list for PBXProject "LunchPickerProject" */ = {
			isa = XCConfigurationList;
			buildConfigurations = (
				2AAF19D2278C783F0073E6E4 /* Debug */,
				2AAF19D3278C783F0073E6E4 /* Release */,
			);
			defaultConfigurationIsVisible = 0;
			defaultConfigurationName = Release;
		};
		2AAF19D4278C783F0073E6E4 /* Build configuration list for PBXNativeTarget "LunchPickerProject" */ = {
			isa = XCConfigurationList;
			buildConfigurations = (
				2AAF19D5278C783F0073E6E4 /* Debug */,
				2AAF19D6278C783F0073E6E4 /* Release */,
			);
			defaultConfigurationIsVisible = 0;
			defaultConfigurationName = Release;
		};
		2AAF19D7278C783F0073E6E4 /* Build configuration list for PBXNativeTarget "LunchPickerProjectTests" */ = {
			isa = XCConfigurationList;
			buildConfigurations = (
				2AAF19D8278C783F0073E6E4 /* Debug */,
				2AAF19D9278C783F0073E6E4 /* Release */,
			);
			defaultConfigurationIsVisible = 0;
			defaultConfigurationName = Release;
		};
		2AAF19DA278C783F0073E6E4 /* Build configuration list for PBXNativeTarget "LunchPickerProjectUITests" */ = {
			isa = XCConfigurationList;
			buildConfigurations = (
				2AAF19DB278C783F0073E6E4 /* Debug */,
				2AAF19DC278C783F0073E6E4 /* Release */,
			);
			defaultConfigurationIsVisible = 0;
			defaultConfigurationName = Release;
		};
/* End XCConfigurationList section */

/* Begin XCVersionGroup section */
		2AAF19B3278C783A0073E6E4 /* LunchPickerProject.xcdatamodeld */ = {
			isa = XCVersionGroup;
			children = (
				2AAF19B4278C783A0073E6E4 /* LunchPickerProject.xcdatamodel */,
			);
			currentVersion = 2AAF19B4278C783A0073E6E4 /* LunchPickerProject.xcdatamodel */;
			path = LunchPickerProject.xcdatamodeld;
			sourceTree = "<group>";
			versionGroupType = wrapper.xcdatamodel;
		};
/* End XCVersionGroup section */
	};
	rootObject = 2AAF199F278C783A0073E6E4 /* Project object */;
}
